// !$*UTF8*$!
{
	archiveVersion = 1;
	classes = {
	};
	objectVersion = 56;
	objects = {

/* Begin PBXBuildFile section */
		62297F052B02A4D8005A47D2 /* VirtualHeistViewApp.swift in Sources */ = {isa = PBXBuildFile; fileRef = 62297F042B02A4D8005A47D2 /* VirtualHeistViewApp.swift */; };
		62297F072B02A4D8005A47D2 /* ContentView.swift in Sources */ = {isa = PBXBuildFile; fileRef = 62297F062B02A4D8005A47D2 /* ContentView.swift */; };
		62297F092B02A4D9005A47D2 /* Assets.xcassets in Resources */ = {isa = PBXBuildFile; fileRef = 62297F082B02A4D9005A47D2 /* Assets.xcassets */; };
		62297F0D2B02A4D9005A47D2 /* Preview Assets.xcassets in Resources */ = {isa = PBXBuildFile; fileRef = 62297F0C2B02A4D9005A47D2 /* Preview Assets.xcassets */; };
		62297F172B02A4D9005A47D2 /* VirtualHeistViewTests.swift in Sources */ = {isa = PBXBuildFile; fileRef = 62297F162B02A4D9005A47D2 /* VirtualHeistViewTests.swift */; };
		62297F212B02A4DA005A47D2 /* VirtualHeistViewUITests.swift in Sources */ = {isa = PBXBuildFile; fileRef = 62297F202B02A4DA005A47D2 /* VirtualHeistViewUITests.swift */; };
		62297F232B02A4DA005A47D2 /* VirtualHeistViewUITestsLaunchTests.swift in Sources */ = {isa = PBXBuildFile; fileRef = 62297F222B02A4DA005A47D2 /* VirtualHeistViewUITestsLaunchTests.swift */; };
		62297F302B02ABB2005A47D2 /* Fiery.swift in Sources */ = {isa = PBXBuildFile; fileRef = 62297F2F2B02ABB2005A47D2 /* Fiery.swift */; };
		62297F322B02ADCF005A47D2 /* Investigation.swift in Sources */ = {isa = PBXBuildFile; fileRef = 62297F312B02ADCF005A47D2 /* Investigation.swift */; };
		62297F342B02AE73005A47D2 /* Lumina.swift in Sources */ = {isa = PBXBuildFile; fileRef = 62297F332B02AE73005A47D2 /* Lumina.swift */; };
		62297F362B02AE91005A47D2 /* Legends.swift in Sources */ = {isa = PBXBuildFile; fileRef = 62297F352B02AE91005A47D2 /* Legends.swift */; };
		62297F392B02AEB3005A47D2 /* Collection.swift in Sources */ = {isa = PBXBuildFile; fileRef = 62297F382B02AEB3005A47D2 /* Collection.swift */; };
/* End PBXBuildFile section */

/* Begin PBXContainerItemProxy section */
		62297F132B02A4D9005A47D2 /* PBXContainerItemProxy */ = {
			isa = PBXContainerItemProxy;
			containerPortal = 62297EF92B02A4D8005A47D2 /* Project object */;
			proxyType = 1;
			remoteGlobalIDString = 62297F002B02A4D8005A47D2;
			remoteInfo = VirtualHeistView;
		};
		62297F1D2B02A4DA005A47D2 /* PBXContainerItemProxy */ = {
			isa = PBXContainerItemProxy;
			containerPortal = 62297EF92B02A4D8005A47D2 /* Project object */;
			proxyType = 1;
			remoteGlobalIDString = 62297F002B02A4D8005A47D2;
			remoteInfo = VirtualHeistView;
		};
/* End PBXContainerItemProxy section */

/* Begin PBXFileReference section */
		62297F012B02A4D8005A47D2 /* VirtualHeistView.app */ = {isa = PBXFileReference; explicitFileType = wrapper.application; includeInIndex = 0; path = VirtualHeistView.app; sourceTree = BUILT_PRODUCTS_DIR; };
		62297F042B02A4D8005A47D2 /* VirtualHeistViewApp.swift */ = {isa = PBXFileReference; lastKnownFileType = sourcecode.swift; path = VirtualHeistViewApp.swift; sourceTree = "<group>"; };
		62297F062B02A4D8005A47D2 /* ContentView.swift */ = {isa = PBXFileReference; lastKnownFileType = sourcecode.swift; path = ContentView.swift; sourceTree = "<group>"; };
		62297F082B02A4D9005A47D2 /* Assets.xcassets */ = {isa = PBXFileReference; lastKnownFileType = folder.assetcatalog; path = Assets.xcassets; sourceTree = "<group>"; };
		62297F0A2B02A4D9005A47D2 /* VirtualHeistView.entitlements */ = {isa = PBXFileReference; lastKnownFileType = text.plist.entitlements; path = VirtualHeistView.entitlements; sourceTree = "<group>"; };
		62297F0C2B02A4D9005A47D2 /* Preview Assets.xcassets */ = {isa = PBXFileReference; lastKnownFileType = folder.assetcatalog; path = "Preview Assets.xcassets"; sourceTree = "<group>"; };
		62297F122B02A4D9005A47D2 /* VirtualHeistViewTests.xctest */ = {isa = PBXFileReference; explicitFileType = wrapper.cfbundle; includeInIndex = 0; path = VirtualHeistViewTests.xctest; sourceTree = BUILT_PRODUCTS_DIR; };
		62297F162B02A4D9005A47D2 /* VirtualHeistViewTests.swift */ = {isa = PBXFileReference; lastKnownFileType = sourcecode.swift; path = VirtualHeistViewTests.swift; sourceTree = "<group>"; };
		62297F1C2B02A4DA005A47D2 /* VirtualHeistViewUITests.xctest */ = {isa = PBXFileReference; explicitFileType = wrapper.cfbundle; includeInIndex = 0; path = VirtualHeistViewUITests.xctest; sourceTree = BUILT_PRODUCTS_DIR; };
		62297F202B02A4DA005A47D2 /* VirtualHeistViewUITests.swift */ = {isa = PBXFileReference; lastKnownFileType = sourcecode.swift; path = VirtualHeistViewUITests.swift; sourceTree = "<group>"; };
		62297F222B02A4DA005A47D2 /* VirtualHeistViewUITestsLaunchTests.swift */ = {isa = PBXFileReference; lastKnownFileType = sourcecode.swift; path = VirtualHeistViewUITestsLaunchTests.swift; sourceTree = "<group>"; };
		62297F2F2B02ABB2005A47D2 /* Fiery.swift */ = {isa = PBXFileReference; lastKnownFileType = sourcecode.swift; path = Fiery.swift; sourceTree = "<group>"; };
		62297F312B02ADCF005A47D2 /* Investigation.swift */ = {isa = PBXFileReference; lastKnownFileType = sourcecode.swift; path = Investigation.swift; sourceTree = "<group>"; };
		62297F332B02AE73005A47D2 /* Lumina.swift */ = {isa = PBXFileReference; lastKnownFileType = sourcecode.swift; path = Lumina.swift; sourceTree = "<group>"; };
		62297F352B02AE91005A47D2 /* Legends.swift */ = {isa = PBXFileReference; lastKnownFileType = sourcecode.swift; path = Legends.swift; sourceTree = "<group>"; };
		62297F382B02AEB3005A47D2 /* Collection.swift */ = {isa = PBXFileReference; lastKnownFileType = sourcecode.swift; path = Collection.swift; sourceTree = "<group>"; };
/* End PBXFileReference section */

/* Begin PBXFrameworksBuildPhase section */
		62297EFE2B02A4D8005A47D2 /* Frameworks */ = {
			isa = PBXFrameworksBuildPhase;
			buildActionMask = 2147483647;
			files = (
			);
			runOnlyForDeploymentPostprocessing = 0;
		};
		62297F0F2B02A4D9005A47D2 /* Frameworks */ = {
			isa = PBXFrameworksBuildPhase;
			buildActionMask = 2147483647;
			files = (
			);
			runOnlyForDeploymentPostprocessing = 0;
		};
		62297F192B02A4DA005A47D2 /* Frameworks */ = {
			isa = PBXFrameworksBuildPhase;
			buildActionMask = 2147483647;
			files = (
			);
			runOnlyForDeploymentPostprocessing = 0;
		};
/* End PBXFrameworksBuildPhase section */

/* Begin PBXGroup section */
		62297EF82B02A4D8005A47D2 = {
			isa = PBXGroup;
			children = (
				62297F032B02A4D8005A47D2 /* VirtualHeistView */,
				62297F152B02A4D9005A47D2 /* VirtualHeistViewTests */,
				62297F1F2B02A4DA005A47D2 /* VirtualHeistViewUITests */,
				62297F022B02A4D8005A47D2 /* Products */,
			);
			sourceTree = "<group>";
		};
		62297F022B02A4D8005A47D2 /* Products */ = {
			isa = PBXGroup;
			children = (
				62297F012B02A4D8005A47D2 /* VirtualHeistView.app */,
				62297F122B02A4D9005A47D2 /* VirtualHeistViewTests.xctest */,
				62297F1C2B02A4DA005A47D2 /* VirtualHeistViewUITests.xctest */,
			);
			name = Products;
			sourceTree = "<group>";
		};
		62297F032B02A4D8005A47D2 /* VirtualHeistView */ = {
			isa = PBXGroup;
			children = (
				62297F042B02A4D8005A47D2 /* VirtualHeistViewApp.swift */,
				62297F062B02A4D8005A47D2 /* ContentView.swift */,
				62297F382B02AEB3005A47D2 /* Collection.swift */,
				62297F2F2B02ABB2005A47D2 /* Fiery.swift */,
				62297F332B02AE73005A47D2 /* Lumina.swift */,
				62297F312B02ADCF005A47D2 /* Investigation.swift */,
				62297F352B02AE91005A47D2 /* Legends.swift */,
				62297F082B02A4D9005A47D2 /* Assets.xcassets */,
				62297F0A2B02A4D9005A47D2 /* VirtualHeistView.entitlements */,
				62297F0B2B02A4D9005A47D2 /* Preview Content */,
			);
			path = VirtualHeistView;
			sourceTree = "<group>";
		};
		62297F0B2B02A4D9005A47D2 /* Preview Content */ = {
			isa = PBXGroup;
			children = (
				62297F0C2B02A4D9005A47D2 /* Preview Assets.xcassets */,
			);
			path = "Preview Content";
			sourceTree = "<group>";
		};
		62297F152B02A4D9005A47D2 /* VirtualHeistViewTests */ = {
			isa = PBXGroup;
			children = (
				62297F162B02A4D9005A47D2 /* VirtualHeistViewTests.swift */,
			);
			path = VirtualHeistViewTests;
			sourceTree = "<group>";
		};
		62297F1F2B02A4DA005A47D2 /* VirtualHeistViewUITests */ = {
			isa = PBXGroup;
			children = (
				62297F202B02A4DA005A47D2 /* VirtualHeistViewUITests.swift */,
				62297F222B02A4DA005A47D2 /* VirtualHeistViewUITestsLaunchTests.swift */,
			);
			path = VirtualHeistViewUITests;
			sourceTree = "<group>";
		};
/* End PBXGroup section */

/* Begin PBXNativeTarget section */
		62297F002B02A4D8005A47D2 /* VirtualHeistView */ = {
			isa = PBXNativeTarget;
			buildConfigurationList = 62297F262B02A4DA005A47D2 /* Build configuration list for PBXNativeTarget "VirtualHeistView" */;
			buildPhases = (
				62297EFD2B02A4D8005A47D2 /* Sources */,
				62297EFE2B02A4D8005A47D2 /* Frameworks */,
				62297EFF2B02A4D8005A47D2 /* Resources */,
			);
			buildRules = (
			);
			dependencies = (
			);
			name = VirtualHeistView;
			productName = VirtualHeistView;
			productReference = 62297F012B02A4D8005A47D2 /* VirtualHeistView.app */;
			productType = "com.apple.product-type.application";
		};
		62297F112B02A4D9005A47D2 /* VirtualHeistViewTests */ = {
			isa = PBXNativeTarget;
			buildConfigurationList = 62297F292B02A4DA005A47D2 /* Build configuration list for PBXNativeTarget "VirtualHeistViewTests" */;
			buildPhases = (
				62297F0E2B02A4D9005A47D2 /* Sources */,
				62297F0F2B02A4D9005A47D2 /* Frameworks */,
				62297F102B02A4D9005A47D2 /* Resources */,
			);
			buildRules = (
			);
			dependencies = (
				62297F142B02A4D9005A47D2 /* PBXTargetDependency */,
			);
			name = VirtualHeistViewTests;
			productName = VirtualHeistViewTests;
			productReference = 62297F122B02A4D9005A47D2 /* VirtualHeistViewTests.xctest */;
			productType = "com.apple.product-type.bundle.unit-test";
		};
		62297F1B2B02A4DA005A47D2 /* VirtualHeistViewUITests */ = {
			isa = PBXNativeTarget;
			buildConfigurationList = 62297F2C2B02A4DA005A47D2 /* Build configuration list for PBXNativeTarget "VirtualHeistViewUITests" */;
			buildPhases = (
				62297F182B02A4DA005A47D2 /* Sources */,
				62297F192B02A4DA005A47D2 /* Frameworks */,
				62297F1A2B02A4DA005A47D2 /* Resources */,
			);
			buildRules = (
			);
			dependencies = (
				62297F1E2B02A4DA005A47D2 /* PBXTargetDependency */,
			);
			name = VirtualHeistViewUITests;
			productName = VirtualHeistViewUITests;
			productReference = 62297F1C2B02A4DA005A47D2 /* VirtualHeistViewUITests.xctest */;
			productType = "com.apple.product-type.bundle.ui-testing";
		};
/* End PBXNativeTarget section */

/* Begin PBXProject section */
		62297EF92B02A4D8005A47D2 /* Project object */ = {
			isa = PBXProject;
			attributes = {
				BuildIndependentTargetsInParallel = 1;
				LastSwiftUpdateCheck = 1500;
				LastUpgradeCheck = 1500;
				TargetAttributes = {
					62297F002B02A4D8005A47D2 = {
						CreatedOnToolsVersion = 15.0;
					};
					62297F112B02A4D9005A47D2 = {
						CreatedOnToolsVersion = 15.0;
						TestTargetID = 62297F002B02A4D8005A47D2;
					};
					62297F1B2B02A4DA005A47D2 = {
						CreatedOnToolsVersion = 15.0;
						TestTargetID = 62297F002B02A4D8005A47D2;
					};
				};
			};
			buildConfigurationList = 62297EFC2B02A4D8005A47D2 /* Build configuration list for PBXProject "VirtualHeistView" */;
			compatibilityVersion = "Xcode 14.0";
			developmentRegion = en;
			hasScannedForEncodings = 0;
			knownRegions = (
				en,
				Base,
			);
			mainGroup = 62297EF82B02A4D8005A47D2;
			productRefGroup = 62297F022B02A4D8005A47D2 /* Products */;
			projectDirPath = "";
			projectRoot = "";
			targets = (
				62297F002B02A4D8005A47D2 /* VirtualHeistView */,
				62297F112B02A4D9005A47D2 /* VirtualHeistViewTests */,
				62297F1B2B02A4DA005A47D2 /* VirtualHeistViewUITests */,
			);
		};
/* End PBXProject section */

/* Begin PBXResourcesBuildPhase section */
		62297EFF2B02A4D8005A47D2 /* Resources */ = {
			isa = PBXResourcesBuildPhase;
			buildActionMask = 2147483647;
			files = (
				62297F0D2B02A4D9005A47D2 /* Preview Assets.xcassets in Resources */,
				62297F092B02A4D9005A47D2 /* Assets.xcassets in Resources */,
			);
			runOnlyForDeploymentPostprocessing = 0;
		};
		62297F102B02A4D9005A47D2 /* Resources */ = {
			isa = PBXResourcesBuildPhase;
			buildActionMask = 2147483647;
			files = (
			);
			runOnlyForDeploymentPostprocessing = 0;
		};
		62297F1A2B02A4DA005A47D2 /* Resources */ = {
			isa = PBXResourcesBuildPhase;
			buildActionMask = 2147483647;
			files = (
			);
			runOnlyForDeploymentPostprocessing = 0;
		};
/* End PBXResourcesBuildPhase section */

/* Begin PBXSourcesBuildPhase section */
		62297EFD2B02A4D8005A47D2 /* Sources */ = {
			isa = PBXSourcesBuildPhase;
			buildActionMask = 2147483647;
			files = (
				62297F072B02A4D8005A47D2 /* ContentView.swift in Sources */,
				62297F302B02ABB2005A47D2 /* Fiery.swift in Sources */,
				62297F322B02ADCF005A47D2 /* Investigation.swift in Sources */,
				62297F342B02AE73005A47D2 /* Lumina.swift in Sources */,
				62297F362B02AE91005A47D2 /* Legends.swift in Sources */,
				62297F392B02AEB3005A47D2 /* Collection.swift in Sources */,
				62297F052B02A4D8005A47D2 /* VirtualHeistViewApp.swift in Sources */,
			);
			runOnlyForDeploymentPostprocessing = 0;
		};
		62297F0E2B02A4D9005A47D2 /* Sources */ = {
			isa = PBXSourcesBuildPhase;
			buildActionMask = 2147483647;
			files = (
				62297F172B02A4D9005A47D2 /* VirtualHeistViewTests.swift in Sources */,
			);
			runOnlyForDeploymentPostprocessing = 0;
		};
		62297F182B02A4DA005A47D2 /* Sources */ = {
			isa = PBXSourcesBuildPhase;
			buildActionMask = 2147483647;
			files = (
				62297F212B02A4DA005A47D2 /* VirtualHeistViewUITests.swift in Sources */,
				62297F232B02A4DA005A47D2 /* VirtualHeistViewUITestsLaunchTests.swift in Sources */,
			);
			runOnlyForDeploymentPostprocessing = 0;
		};
/* End PBXSourcesBuildPhase section */

/* Begin PBXTargetDependency section */
		62297F142B02A4D9005A47D2 /* PBXTargetDependency */ = {
			isa = PBXTargetDependency;
			target = 62297F002B02A4D8005A47D2 /* VirtualHeistView */;
			targetProxy = 62297F132B02A4D9005A47D2 /* PBXContainerItemProxy */;
		};
		62297F1E2B02A4DA005A47D2 /* PBXTargetDependency */ = {
			isa = PBXTargetDependency;
			target = 62297F002B02A4D8005A47D2 /* VirtualHeistView */;
			targetProxy = 62297F1D2B02A4DA005A47D2 /* PBXContainerItemProxy */;
		};
/* End PBXTargetDependency section */

/* Begin XCBuildConfiguration section */
		62297F242B02A4DA005A47D2 /* Debug */ = {
			isa = XCBuildConfiguration;
			buildSettings = {
				ALWAYS_SEARCH_USER_PATHS = NO;
				ASSETCATALOG_COMPILER_GENERATE_SWIFT_ASSET_SYMBOL_EXTENSIONS = YES;
				CLANG_ANALYZER_NONNULL = YES;
				CLANG_ANALYZER_NUMBER_OBJECT_CONVERSION = YES_AGGRESSIVE;
				CLANG_CXX_LANGUAGE_STANDARD = "gnu++20";
				CLANG_ENABLE_MODULES = YES;
				CLANG_ENABLE_OBJC_ARC = YES;
				CLANG_ENABLE_OBJC_WEAK = YES;
				CLANG_WARN_BLOCK_CAPTURE_AUTORELEASING = YES;
				CLANG_WARN_BOOL_CONVERSION = YES;
				CLANG_WARN_COMMA = YES;
				CLANG_WARN_CONSTANT_CONVERSION = YES;
				CLANG_WARN_DEPRECATED_OBJC_IMPLEMENTATIONS = YES;
				CLANG_WARN_DIRECT_OBJC_ISA_USAGE = YES_ERROR;
				CLANG_WARN_DOCUMENTATION_COMMENTS = YES;
				CLANG_WARN_EMPTY_BODY = YES;
				CLANG_WARN_ENUM_CONVERSION = YES;
				CLANG_WARN_INFINITE_RECURSION = YES;
				CLANG_WARN_INT_CONVERSION = YES;
				CLANG_WARN_NON_LITERAL_NULL_CONVERSION = YES;
				CLANG_WARN_OBJC_IMPLICIT_RETAIN_SELF = YES;
				CLANG_WARN_OBJC_LITERAL_CONVERSION = YES;
				CLANG_WARN_OBJC_ROOT_CLASS = YES_ERROR;
				CLANG_WARN_QUOTED_INCLUDE_IN_FRAMEWORK_HEADER = YES;
				CLANG_WARN_RANGE_LOOP_ANALYSIS = YES;
				CLANG_WARN_STRICT_PROTOTYPES = YES;
				CLANG_WARN_SUSPICIOUS_MOVE = YES;
				CLANG_WARN_UNGUARDED_AVAILABILITY = YES_AGGRESSIVE;
				CLANG_WARN_UNREACHABLE_CODE = YES;
				CLANG_WARN__DUPLICATE_METHOD_MATCH = YES;
				COPY_PHASE_STRIP = NO;
				DEBUG_INFORMATION_FORMAT = dwarf;
				ENABLE_STRICT_OBJC_MSGSEND = YES;
				ENABLE_TESTABILITY = YES;
				ENABLE_USER_SCRIPT_SANDBOXING = YES;
				GCC_C_LANGUAGE_STANDARD = gnu17;
				GCC_DYNAMIC_NO_PIC = NO;
				GCC_NO_COMMON_BLOCKS = YES;
				GCC_OPTIMIZATION_LEVEL = 0;
				GCC_PREPROCESSOR_DEFINITIONS = (
					"DEBUG=1",
					"$(inherited)",
				);
				GCC_WARN_64_TO_32_BIT_CONVERSION = YES;
				GCC_WARN_ABOUT_RETURN_TYPE = YES_ERROR;
				GCC_WARN_UNDECLARED_SELECTOR = YES;
				GCC_WARN_UNINITIALIZED_AUTOS = YES_AGGRESSIVE;
				GCC_WARN_UNUSED_FUNCTION = YES;
				GCC_WARN_UNUSED_VARIABLE = YES;
				LOCALIZATION_PREFERS_STRING_CATALOGS = YES;
				MTL_ENABLE_DEBUG_INFO = INCLUDE_SOURCE;
				MTL_FAST_MATH = YES;
				ONLY_ACTIVE_ARCH = YES;
				SWIFT_ACTIVE_COMPILATION_CONDITIONS = "DEBUG $(inherited)";
				SWIFT_OPTIMIZATION_LEVEL = "-Onone";
			};
			name = Debug;
		};
		62297F252B02A4DA005A47D2 /* Release */ = {
			isa = XCBuildConfiguration;
			buildSettings = {
				ALWAYS_SEARCH_USER_PATHS = NO;
				ASSETCATALOG_COMPILER_GENERATE_SWIFT_ASSET_SYMBOL_EXTENSIONS = YES;
				CLANG_ANALYZER_NONNULL = YES;
				CLANG_ANALYZER_NUMBER_OBJECT_CONVERSION = YES_AGGRESSIVE;
				CLANG_CXX_LANGUAGE_STANDARD = "gnu++20";
				CLANG_ENABLE_MODULES = YES;
				CLANG_ENABLE_OBJC_ARC = YES;
				CLANG_ENABLE_OBJC_WEAK = YES;
				CLANG_WARN_BLOCK_CAPTURE_AUTORELEASING = YES;
				CLANG_WARN_BOOL_CONVERSION = YES;
				CLANG_WARN_COMMA = YES;
				CLANG_WARN_CONSTANT_CONVERSION = YES;
				CLANG_WARN_DEPRECATED_OBJC_IMPLEMENTATIONS = YES;
				CLANG_WARN_DIRECT_OBJC_ISA_USAGE = YES_ERROR;
				CLANG_WARN_DOCUMENTATION_COMMENTS = YES;
				CLANG_WARN_EMPTY_BODY = YES;
				CLANG_WARN_ENUM_CONVERSION = YES;
				CLANG_WARN_INFINITE_RECURSION = YES;
				CLANG_WARN_INT_CONVERSION = YES;
				CLANG_WARN_NON_LITERAL_NULL_CONVERSION = YES;
				CLANG_WARN_OBJC_IMPLICIT_RETAIN_SELF = YES;
				CLANG_WARN_OBJC_LITERAL_CONVERSION = YES;
				CLANG_WARN_OBJC_ROOT_CLASS = YES_ERROR;
				CLANG_WARN_QUOTED_INCLUDE_IN_FRAMEWORK_HEADER = YES;
				CLANG_WARN_RANGE_LOOP_ANALYSIS = YES;
				CLANG_WARN_STRICT_PROTOTYPES = YES;
				CLANG_WARN_SUSPICIOUS_MOVE = YES;
				CLANG_WARN_UNGUARDED_AVAILABILITY = YES_AGGRESSIVE;
				CLANG_WARN_UNREACHABLE_CODE = YES;
				CLANG_WARN__DUPLICATE_METHOD_MATCH = YES;
				COPY_PHASE_STRIP = NO;
				DEBUG_INFORMATION_FORMAT = "dwarf-with-dsym";
				ENABLE_NS_ASSERTIONS = NO;
				ENABLE_STRICT_OBJC_MSGSEND = YES;
				ENABLE_USER_SCRIPT_SANDBOXING = YES;
				GCC_C_LANGUAGE_STANDARD = gnu17;
				GCC_NO_COMMON_BLOCKS = YES;
				GCC_WARN_64_TO_32_BIT_CONVERSION = YES;
				GCC_WARN_ABOUT_RETURN_TYPE = YES_ERROR;
				GCC_WARN_UNDECLARED_SELECTOR = YES;
				GCC_WARN_UNINITIALIZED_AUTOS = YES_AGGRESSIVE;
				GCC_WARN_UNUSED_FUNCTION = YES;
				GCC_WARN_UNUSED_VARIABLE = YES;
				LOCALIZATION_PREFERS_STRING_CATALOGS = YES;
				MTL_ENABLE_DEBUG_INFO = NO;
				MTL_FAST_MATH = YES;
				SWIFT_COMPILATION_MODE = wholemodule;
			};
			name = Release;
		};
		62297F272B02A4DA005A47D2 /* Debug */ = {
			isa = XCBuildConfiguration;
			buildSettings = {
				ASSETCATALOG_COMPILER_APPICON_NAME = AppIcon;
				ASSETCATALOG_COMPILER_GLOBAL_ACCENT_COLOR_NAME = AccentColor;
				CODE_SIGN_ENTITLEMENTS = VirtualHeistView/VirtualHeistView.entitlements;
				CODE_SIGN_STYLE = Automatic;
				CURRENT_PROJECT_VERSION = 1;
				DEVELOPMENT_ASSET_PATHS = "\"VirtualHeistView/Preview Content\"";
				DEVELOPMENT_TEAM = "";
				ENABLE_HARDENED_RUNTIME = YES;
				ENABLE_PREVIEWS = YES;
				GENERATE_INFOPLIST_FILE = YES;
				"INFOPLIST_KEY_UIApplicationSceneManifest_Generation[sdk=iphoneos*]" = YES;
				"INFOPLIST_KEY_UIApplicationSceneManifest_Generation[sdk=iphonesimulator*]" = YES;
				"INFOPLIST_KEY_UIApplicationSupportsIndirectInputEvents[sdk=iphoneos*]" = YES;
				"INFOPLIST_KEY_UIApplicationSupportsIndirectInputEvents[sdk=iphonesimulator*]" = YES;
				"INFOPLIST_KEY_UILaunchScreen_Generation[sdk=iphoneos*]" = YES;
				"INFOPLIST_KEY_UILaunchScreen_Generation[sdk=iphonesimulator*]" = YES;
				"INFOPLIST_KEY_UIStatusBarStyle[sdk=iphoneos*]" = UIStatusBarStyleDefault;
				"INFOPLIST_KEY_UIStatusBarStyle[sdk=iphonesimulator*]" = UIStatusBarStyleDefault;
				INFOPLIST_KEY_UISupportedInterfaceOrientations_iPad = "UIInterfaceOrientationPortrait UIInterfaceOrientationPortraitUpsideDown UIInterfaceOrientationLandscapeLeft UIInterfaceOrientationLandscapeRight";
				INFOPLIST_KEY_UISupportedInterfaceOrientations_iPhone = "UIInterfaceOrientationPortrait UIInterfaceOrientationLandscapeLeft UIInterfaceOrientationLandscapeRight";
				IPHONEOS_DEPLOYMENT_TARGET = 17.0;
				LD_RUNPATH_SEARCH_PATHS = "@executable_path/Frameworks";
				"LD_RUNPATH_SEARCH_PATHS[sdk=macosx*]" = "@executable_path/../Frameworks";
				MACOSX_DEPLOYMENT_TARGET = 14.0;
				MARKETING_VERSION = 1.0;
				PRODUCT_BUNDLE_IDENTIFIER = Khafajii.VirtualHeistView;
				PRODUCT_NAME = "$(TARGET_NAME)";
				SDKROOT = auto;
				SUPPORTED_PLATFORMS = "iphoneos iphonesimulator macosx";
				SWIFT_EMIT_LOC_STRINGS = YES;
				SWIFT_VERSION = 5.0;
				TARGETED_DEVICE_FAMILY = "1,2";
			};
			name = Debug;
		};
		62297F282B02A4DA005A47D2 /* Release */ = {
			isa = XCBuildConfiguration;
			buildSettings = {
				ASSETCATALOG_COMPILER_APPICON_NAME = AppIcon;
				ASSETCATALOG_COMPILER_GLOBAL_ACCENT_COLOR_NAME = AccentColor;
				CODE_SIGN_ENTITLEMENTS = VirtualHeistView/VirtualHeistView.entitlements;
				CODE_SIGN_STYLE = Automatic;
				CURRENT_PROJECT_VERSION = 1;
				DEVELOPMENT_ASSET_PATHS = "\"VirtualHeistView/Preview Content\"";
				DEVELOPMENT_TEAM = "";
				ENABLE_HARDENED_RUNTIME = YES;
				ENABLE_PREVIEWS = YES;
				GENERATE_INFOPLIST_FILE = YES;
				"INFOPLIST_KEY_UIApplicationSceneManifest_Generation[sdk=iphoneos*]" = YES;
				"INFOPLIST_KEY_UIApplicationSceneManifest_Generation[sdk=iphonesimulator*]" = YES;
				"INFOPLIST_KEY_UIApplicationSupportsIndirectInputEvents[sdk=iphoneos*]" = YES;
				"INFOPLIST_KEY_UIApplicationSupportsIndirectInputEvents[sdk=iphonesimulator*]" = YES;
				"INFOPLIST_KEY_UILaunchScreen_Generation[sdk=iphoneos*]" = YES;
				"INFOPLIST_KEY_UILaunchScreen_Generation[sdk=iphonesimulator*]" = YES;
				"INFOPLIST_KEY_UIStatusBarStyle[sdk=iphoneos*]" = UIStatusBarStyleDefault;
				"INFOPLIST_KEY_UIStatusBarStyle[sdk=iphonesimulator*]" = UIStatusBarStyleDefault;
				INFOPLIST_KEY_UISupportedInterfaceOrientations_iPad = "UIInterfaceOrientationPortrait UIInterfaceOrientationPortraitUpsideDown UIInterfaceOrientationLandscapeLeft UIInterfaceOrientationLandscapeRight";
				INFOPLIST_KEY_UISupportedInterfaceOrientations_iPhone = "UIInterfaceOrientationPortrait UIInterfaceOrientationLandscapeLeft UIInterfaceOrientationLandscapeRight";
				IPHONEOS_DEPLOYMENT_TARGET = 17.0;
				LD_RUNPATH_SEARCH_PATHS = "@executable_path/Frameworks";
				"LD_RUNPATH_SEARCH_PATHS[sdk=macosx*]" = "@executable_path/../Frameworks";
				MACOSX_DEPLOYMENT_TARGET = 14.0;
				MARKETING_VERSION = 1.0;
				PRODUCT_BUNDLE_IDENTIFIER = Khafajii.VirtualHeistView;
				PRODUCT_NAME = "$(TARGET_NAME)";
				SDKROOT = auto;
				SUPPORTED_PLATFORMS = "iphoneos iphonesimulator macosx";
				SWIFT_EMIT_LOC_STRINGS = YES;
				SWIFT_VERSION = 5.0;
				TARGETED_DEVICE_FAMILY = "1,2";
			};
			name = Release;
		};
		62297F2A2B02A4DA005A47D2 /* Debug */ = {
			isa = XCBuildConfiguration;
			buildSettings = {
				ALWAYS_EMBED_SWIFT_STANDARD_LIBRARIES = YES;
				BUNDLE_LOADER = "$(TEST_HOST)";
				CODE_SIGN_STYLE = Automatic;
				CURRENT_PROJECT_VERSION = 1;
				DEVELOPMENT_TEAM = PBX6J6U58R;
				GENERATE_INFOPLIST_FILE = YES;
				IPHONEOS_DEPLOYMENT_TARGET = 17.0;
				MACOSX_DEPLOYMENT_TARGET = 14.0;
				MARKETING_VERSION = 1.0;
				PRODUCT_BUNDLE_IDENTIFIER = Khafajii.VirtualHeistViewTests;
				PRODUCT_NAME = "$(TARGET_NAME)";
				SDKROOT = auto;
				SUPPORTED_PLATFORMS = "iphoneos iphonesimulator macosx";
				SWIFT_EMIT_LOC_STRINGS = NO;
				SWIFT_VERSION = 5.0;
				TARGETED_DEVICE_FAMILY = "1,2";
				TEST_HOST = "$(BUILT_PRODUCTS_DIR)/VirtualHeistView.app/$(BUNDLE_EXECUTABLE_FOLDER_PATH)/VirtualHeistView";
			};
			name = Debug;
		};
		62297F2B2B02A4DA005A47D2 /* Release */ = {
			isa = XCBuildConfiguration;
			buildSettings = {
				ALWAYS_EMBED_SWIFT_STANDARD_LIBRARIES = YES;
				BUNDLE_LOADER = "$(TEST_HOST)";
				CODE_SIGN_STYLE = Automatic;
				CURRENT_PROJECT_VERSION = 1;
				DEVELOPMENT_TEAM = PBX6J6U58R;
				GENERATE_INFOPLIST_FILE = YES;
				IPHONEOS_DEPLOYMENT_TARGET = 17.0;
				MACOSX_DEPLOYMENT_TARGET = 14.0;
				MARKETING_VERSION = 1.0;
				PRODUCT_BUNDLE_IDENTIFIER = Khafajii.VirtualHeistViewTests;
				PRODUCT_NAME = "$(TARGET_NAME)";
				SDKROOT = auto;
				SUPPORTED_PLATFORMS = "iphoneos iphonesimulator macosx";
				SWIFT_EMIT_LOC_STRINGS = NO;
				SWIFT_VERSION = 5.0;
				TARGETED_DEVICE_FAMILY = "1,2";
				TEST_HOST = "$(BUILT_PRODUCTS_DIR)/VirtualHeistView.app/$(BUNDLE_EXECUTABLE_FOLDER_PATH)/VirtualHeistView";
			};
			name = Release;
		};
		62297F2D2B02A4DA005A47D2 /* Debug */ = {
			isa = XCBuildConfiguration;
			buildSettings = {
				ALWAYS_EMBED_SWIFT_STANDARD_LIBRARIES = YES;
				CODE_SIGN_STYLE = Automatic;
				CURRENT_PROJECT_VERSION = 1;
				DEVELOPMENT_TEAM = PBX6J6U58R;
				GENERATE_INFOPLIST_FILE = YES;
				IPHONEOS_DEPLOYMENT_TARGET = 17.0;
				MACOSX_DEPLOYMENT_TARGET = 14.0;
				MARKETING_VERSION = 1.0;
				PRODUCT_BUNDLE_IDENTIFIER = Khafajii.VirtualHeistViewUITests;
				PRODUCT_NAME = "$(TARGET_NAME)";
				SDKROOT = auto;
				SUPPORTED_PLATFORMS = "iphoneos iphonesimulator macosx";
				SWIFT_EMIT_LOC_STRINGS = NO;
				SWIFT_VERSION = 5.0;
				TARGETED_DEVICE_FAMILY = "1,2";
				TEST_TARGET_NAME = VirtualHeistView;
			};
			name = Debug;
		};
		62297F2E2B02A4DA005A47D2 /* Release */ = {
			isa = XCBuildConfiguration;
			buildSettings = {
				ALWAYS_EMBED_SWIFT_STANDARD_LIBRARIES = YES;
				CODE_SIGN_STYLE = Automatic;
				CURRENT_PROJECT_VERSION = 1;
				DEVELOPMENT_TEAM = PBX6J6U58R;
				GENERATE_INFOPLIST_FILE = YES;
				IPHONEOS_DEPLOYMENT_TARGET = 17.0;
				MACOSX_DEPLOYMENT_TARGET = 14.0;
				MARKETING_VERSION = 1.0;
				PRODUCT_BUNDLE_IDENTIFIER = Khafajii.VirtualHeistViewUITests;
				PRODUCT_NAME = "$(TARGET_NAME)";
				SDKROOT = auto;
				SUPPORTED_PLATFORMS = "iphoneos iphonesimulator macosx";
				SWIFT_EMIT_LOC_STRINGS = NO;
				SWIFT_VERSION = 5.0;
				TARGETED_DEVICE_FAMILY = "1,2";
				TEST_TARGET_NAME = VirtualHeistView;
			};
			name = Release;
		};
/* End XCBuildConfiguration section */

/* Begin XCConfigurationList section */
		62297EFC2B02A4D8005A47D2 /* Build configuration list for PBXProject "VirtualHeistView" */ = {
			isa = XCConfigurationList;
			buildConfigurations = (
				62297F242B02A4DA005A47D2 /* Debug */,
				62297F252B02A4DA005A47D2 /* Release */,
			);
			defaultConfigurationIsVisible = 0;
			defaultConfigurationName = Release;
		};
		62297F262B02A4DA005A47D2 /* Build configuration list for PBXNativeTarget "VirtualHeistView" */ = {
			isa = XCConfigurationList;
			buildConfigurations = (
				62297F272B02A4DA005A47D2 /* Debug */,
				62297F282B02A4DA005A47D2 /* Release */,
			);
			defaultConfigurationIsVisible = 0;
			defaultConfigurationName = Release;
		};
		62297F292B02A4DA005A47D2 /* Build configuration list for PBXNativeTarget "VirtualHeistViewTests" */ = {
			isa = XCConfigurationList;
			buildConfigurations = (
				62297F2A2B02A4DA005A47D2 /* Debug */,
				62297F2B2B02A4DA005A47D2 /* Release */,
			);
			defaultConfigurationIsVisible = 0;
			defaultConfigurationName = Release;
		};
		62297F2C2B02A4DA005A47D2 /* Build configuration list for PBXNativeTarget "VirtualHeistViewUITests" */ = {
			isa = XCConfigurationList;
			buildConfigurations = (
				62297F2D2B02A4DA005A47D2 /* Debug */,
				62297F2E2B02A4DA005A47D2 /* Release */,
			);
			defaultConfigurationIsVisible = 0;
			defaultConfigurationName = Release;
		};
/* End XCConfigurationList section */
	};
	rootObject = 62297EF92B02A4D8005A47D2 /* Project object */;
}
